
Microsoft Visual Studio Solution File, Format Version 12.00
# Visual Studio Version 17
VisualStudioVersion = 17.7.33808.371
MinimumVisualStudioVersion = 10.0.40219.1
Project("{9A19103F-16F7-4668-BE54-9A1E7A4F7556}") = "WinArch", "WinArch.csproj", "{6B92436B-4652-4AE0-B7B0-5B21CF7C0815}"
EndProject
Project("{2150E333-8FDC-42A3-9474-1A3956D46DE8}") = "Solution Items", "Solution Items", "{AF0FF109-045D-425A-97F5-F67FD87334B5}"
	ProjectSection(SolutionItems) = preProject
		.editorconfig = .editorconfig
	EndProjectSection
EndProject
Global
	GlobalSection(SolutionConfigurationPlatforms) = preSolution
		Debug|Any CPU = Debug|Any CPU
		Debug|x64 = Debug|x64
		rel|Any CPU = rel|Any CPU
		rel|x64 = rel|x64
		Release|Any CPU = Release|Any CPU
		Release|x64 = Release|x64
	EndGlobalSection
	GlobalSection(ProjectConfigurationPlatforms) = postSolution
		{6B92436B-4652-4AE0-B7B0-5B21CF7C0815}.Debug|Any CPU.ActiveCfg = Debug|Any CPU
		{6B92436B-4652-4AE0-B7B0-5B21CF7C0815}.Debug|Any CPU.Build.0 = Debug|Any CPU
		{6B92436B-4652-4AE0-B7B0-5B21CF7C0815}.Debug|x64.ActiveCfg = Debug|Any CPU
		{6B92436B-4652-4AE0-B7B0-5B21CF7C0815}.Debug|x64.Build.0 = Debug|Any CPU
		{6B92436B-4652-4AE0-B7B0-5B21CF7C0815}.rel|Any CPU.ActiveCfg = rel|Any CPU
		{6B92436B-4652-4AE0-B7B0-5B21CF7C0815}.rel|Any CPU.Build.0 = rel|Any CPU
		{6B92436B-4652-4AE0-B7B0-5B21CF7C0815}.rel|x64.ActiveCfg = rel|x64
		{6B92436B-4652-4AE0-B7B0-5B21CF7C0815}.rel|x64.Build.0 = rel|x64
		{6B92436B-4652-4AE0-B7B0-5B21CF7C0815}.Release|Any CPU.ActiveCfg = Release|Any CPU
		{6B92436B-4652-4AE0-B7B0-5B21CF7C0815}.Release|Any CPU.Build.0 = Release|Any CPU
		{6B92436B-4652-4AE0-B7B0-5B21CF7C0815}.Release|x64.ActiveCfg = Release|x64
		{6B92436B-4652-4AE0-B7B0-5B21CF7C0815}.Release|x64.Build.0 = Release|x64
	EndGlobalSection
	GlobalSection(SolutionProperties) = preSolution
		HideSolutionNode = FALSE
	EndGlobalSection
	GlobalSection(ExtensibilityGlobals) = postSolution
		SolutionGuid = {074F188B-D162-4F80-AD9D-F5C234DDE14D}
	EndGlobalSection
EndGlobal
